
Microsoft Visual Studio Solution File, Format Version 12.00
# Visual Studio Version 17
VisualStudioVersion = 17.3.32929.385
MinimumVisualStudioVersion = 10.0.40219.1
Project("{FAE04EC0-301F-11D3-BF4B-00C04F79EFBC}") = "ConexionSQLServer_PorAsistente", "ConexionSQLServer_PorAsistente\ConexionSQLServer_PorAsistente.csproj", "{03F2ADFA-E046-4424-A583-478D65B147FB}"
EndProject
Global
	GlobalSection(SolutionConfigurationPlatforms) = preSolution
		Debug|Any CPU = Debug|Any CPU
		Release|Any CPU = Release|Any CPU
	EndGlobalSection
	GlobalSection(ProjectConfigurationPlatforms) = postSolution
		{03F2ADFA-E046-4424-A583-478D65B147FB}.Debug|Any CPU.ActiveCfg = Debug|Any CPU
		{03F2ADFA-E046-4424-A583-478D65B147FB}.Debug|Any CPU.Build.0 = Debug|Any CPU
		{03F2ADFA-E046-4424-A583-478D65B147FB}.Release|Any CPU.ActiveCfg = Release|Any CPU
		{03F2ADFA-E046-4424-A583-478D65B147FB}.Release|Any CPU.Build.0 = Release|Any CPU
	EndGlobalSection
	GlobalSection(SolutionProperties) = preSolution
		HideSolutionNode = FALSE
	EndGlobalSection
	GlobalSection(ExtensibilityGlobals) = postSolution
		SolutionGuid = {FAF23995-AFF6-4187-A998-54AE0A190BF7}
	EndGlobalSection
EndGlobal
